
Microsoft Visual Studio Solution File, Format Version 12.00
# Visual Studio Version 17
VisualStudioVersion = 17.10.35027.167
MinimumVisualStudioVersion = 10.0.40219.1
Project("{9A19103F-16F7-4668-BE54-9A1E7A4F7556}") = "TaskManager.API", "GerenciadorDeTarefas.API\TaskManager.API.csproj", "{ACD10FD0-8DA5-4FB6-9DF7-01EDC507C088}"
EndProject
Project("{9A19103F-16F7-4668-BE54-9A1E7A4F7556}") = "TaskManager.Communication", "GerenciadorDeTarefas.Communication\TaskManager.Communication.csproj", "{7A519D31-E3A6-40A9-B9C3-B80A27257638}"
EndProject
Project("{9A19103F-16F7-4668-BE54-9A1E7A4F7556}") = "TaskManager.Application", "GerenciadorDeTarefas.Application\TaskManager.Application.csproj", "{F1BABF16-69AE-4D6C-98C0-8E70BB6A6518}"
EndProject
Global
	GlobalSection(SolutionConfigurationPlatforms) = preSolution
		Debug|Any CPU = Debug|Any CPU
		Release|Any CPU = Release|Any CPU
	EndGlobalSection
	GlobalSection(ProjectConfigurationPlatforms) = postSolution
		{ACD10FD0-8DA5-4FB6-9DF7-01EDC507C088}.Debug|Any CPU.ActiveCfg = Debug|Any CPU
		{ACD10FD0-8DA5-4FB6-9DF7-01EDC507C088}.Debug|Any CPU.Build.0 = Debug|Any CPU
		{ACD10FD0-8DA5-4FB6-9DF7-01EDC507C088}.Release|Any CPU.ActiveCfg = Release|Any CPU
		{ACD10FD0-8DA5-4FB6-9DF7-01EDC507C088}.Release|Any CPU.Build.0 = Release|Any CPU
		{7A519D31-E3A6-40A9-B9C3-B80A27257638}.Debug|Any CPU.ActiveCfg = Debug|Any CPU
		{7A519D31-E3A6-40A9-B9C3-B80A27257638}.Debug|Any CPU.Build.0 = Debug|Any CPU
		{7A519D31-E3A6-40A9-B9C3-B80A27257638}.Release|Any CPU.ActiveCfg = Release|Any CPU
		{7A519D31-E3A6-40A9-B9C3-B80A27257638}.Release|Any CPU.Build.0 = Release|Any CPU
		{F1BABF16-69AE-4D6C-98C0-8E70BB6A6518}.Debug|Any CPU.ActiveCfg = Debug|Any CPU
		{F1BABF16-69AE-4D6C-98C0-8E70BB6A6518}.Debug|Any CPU.Build.0 = Debug|Any CPU
		{F1BABF16-69AE-4D6C-98C0-8E70BB6A6518}.Release|Any CPU.ActiveCfg = Release|Any CPU
		{F1BABF16-69AE-4D6C-98C0-8E70BB6A6518}.Release|Any CPU.Build.0 = Release|Any CPU
	EndGlobalSection
	GlobalSection(SolutionProperties) = preSolution
		HideSolutionNode = FALSE
	EndGlobalSection
	GlobalSection(ExtensibilityGlobals) = postSolution
		SolutionGuid = {2C70612E-2321-44B6-8F08-9814D7ADEBC1}
	EndGlobalSection
EndGlobal
